// !$*UTF8*$!
{
	archiveVersion = 1;
	classes = {
	};
	objectVersion = 52;
	objects = {

/* Begin PBXBuildFile section */
		0207DA581B56EA530066E2B4 /* Images.xcassets in Resources */ = {isa = PBXBuildFile; fileRef = 0207DA571B56EA530066E2B4 /* Images.xcassets */; };
		1D3623260D0F684500981E51 /* AppDelegate.m in Sources */ = {isa = PBXBuildFile; fileRef = 1D3623250D0F684500981E51 /* AppDelegate.m */; };
		1D60589B0D05DD56006BFB54 /* main.m in Sources */ = {isa = PBXBuildFile; fileRef = 29B97316FDCFA39411CA2CEA /* main.m */; };
		301BF552109A68D80062928A /* libCordova.a in Frameworks */ = {isa = PBXBuildFile; fileRef = 301BF535109A57CC0062928A /* libCordova.a */; settings = {ATTRIBUTES = (Required, ); }; };
		302D95F114D2391D003F00A1 /* MainViewController.m in Sources */ = {isa = PBXBuildFile; fileRef = 302D95EF14D2391D003F00A1 /* MainViewController.m */; };
		302D95F214D2391D003F00A1 /* MainViewController.xib in Resources */ = {isa = PBXBuildFile; fileRef = 302D95F014D2391D003F00A1 /* MainViewController.xib */; };
		6AFF5BF91D6E424B00AB3073 /* CDVLaunchScreen.storyboard in Resources */ = {isa = PBXBuildFile; fileRef = 6AFF5BF81D6E424B00AB3073 /* CDVLaunchScreen.storyboard */; };
		FBE9E7D1D43F42FDB3FFEDDA /* GoogleAppMeasurement.framework in Frameworks */ = {isa = PBXBuildFile; fileRef = 900E7141B28C4A6A90886162 /* GoogleAppMeasurement.framework */; };
		2123A33694EE4E4BB5C7DC4C /* GoogleMobileAds.framework in Frameworks */ = {isa = PBXBuildFile; fileRef = 6D5FE2E71C9149A28E158651 /* GoogleMobileAds.framework */; };
		AF5252F39C4545E3B2533211 /* GoogleUtilities.framework in Frameworks */ = {isa = PBXBuildFile; fileRef = 665E677A616B4FFBB048A488 /* GoogleUtilities.framework */; };
		5C41AA227CF54E4B82FC65D3 /* nanopb.framework in Frameworks */ = {isa = PBXBuildFile; fileRef = 1CC5F9C5F7824E3B8579177E /* nanopb.framework */; };
		23D62E8D39654B33B710CDAA /* AdSupport.framework in Frameworks */ = {isa = PBXBuildFile; fileRef = 87EE0078D90B4172B268591D /* AdSupport.framework */; };
		B1114AC6DAED41CFB561C2C5 /* AudioToolbox.framework in Frameworks */ = {isa = PBXBuildFile; fileRef = AE4B94C2B5FD422AAFA9F90E /* AudioToolbox.framework */; };
		633D94D605514D91B8D861F6 /* AVFoundation.framework in Frameworks */ = {isa = PBXBuildFile; fileRef = D61C5CEEA9D14574ABB2E0A6 /* AVFoundation.framework */; };
		93FD588C22D34D8DBB701CD5 /* CoreBluetooth.framework in Frameworks */ = {isa = PBXBuildFile; fileRef = 002AA5250BE84BFCA0EF89C7 /* CoreBluetooth.framework */; };
		F3B0B7737F6646668C7D0573 /* CoreLocation.framework in Frameworks */ = {isa = PBXBuildFile; fileRef = 11D6A4369D4146F9AA9DE280 /* CoreLocation.framework */; };
		F15744E80C2443A8A07722A4 /* CoreMedia.framework in Frameworks */ = {isa = PBXBuildFile; fileRef = FE142EF0979746AFAA7DF0A0 /* CoreMedia.framework */; };
		45206B0EA1D34290AB85CEC1 /* CoreMotion.framework in Frameworks */ = {isa = PBXBuildFile; fileRef = 2DEABE88B3F84EC4AD805697 /* CoreMotion.framework */; };
		0A27FA787D304647B5D27EB2 /* CoreTelephony.framework in Frameworks */ = {isa = PBXBuildFile; fileRef = 9DD133123979493FB01FCE57 /* CoreTelephony.framework */; };
		6A7B92CBD93C4D3CAA349608 /* CoreVideo.framework in Frameworks */ = {isa = PBXBuildFile; fileRef = D3B87335D58F4A7FBA6C7A6A /* CoreVideo.framework */; };
		C8BC2481C606481EA80157CD /* EventKit.framework in Frameworks */ = {isa = PBXBuildFile; fileRef = 5993EF2376BE437DBF754404 /* EventKit.framework */; };
		AF180818699E492E82CCCCC4 /* EventKitUI.framework in Frameworks */ = {isa = PBXBuildFile; fileRef = 220CCB5A8E3746BBADE5165A /* EventKitUI.framework */; };
		FEA751D33A87419697532624 /* Foundation.framework in Frameworks */ = {isa = PBXBuildFile; fileRef = 61DC6DD800794060B49CBC13 /* Foundation.framework */; };
		87241D1C021546AEAE66AF03 /* GLKit.framework in Frameworks */ = {isa = PBXBuildFile; fileRef = E7ACEDDD209045B79AF185DF /* GLKit.framework */; };
		34006228E358411987F1E1FF /* MediaPlayer.framework in Frameworks */ = {isa = PBXBuildFile; fileRef = 6B06DEAE15CB43A1AA92C9DC /* MediaPlayer.framework */; };
		F4F9A01D0CA648E0A4D18EFE /* MessageUI.framework in Frameworks */ = {isa = PBXBuildFile; fileRef = 978EDBA17D6A4B5DAA669252 /* MessageUI.framework */; };
		872C782CCC514645981D19A8 /* OpenGLES.framework in Frameworks */ = {isa = PBXBuildFile; fileRef = A47BE65F03EE4A07B0836789 /* OpenGLES.framework */; };
		C758B9283FD9434BAC8AE242 /* SafariServices.framework in Frameworks */ = {isa = PBXBuildFile; fileRef = 8E27E34148EA4FACA667A612 /* SafariServices.framework */; };
		6DA4210DDC0F415897EF7853 /* StoreKit.framework in Frameworks */ = {isa = PBXBuildFile; fileRef = A6FFAC546CE540FB86B0B77A /* StoreKit.framework */; };
		F7374BB3E9364076AD00F421 /* SystemConfiguration.framework in Frameworks */ = {isa = PBXBuildFile; fileRef = C29892E00DBE4F7595B558A7 /* SystemConfiguration.framework */; };
		4825D8D211D24740819CCC62 /* UIKit.framework in Frameworks */ = {isa = PBXBuildFile; fileRef = 7C04CE02272F4E458B2C7D0A /* UIKit.framework */; };
		2B5A5E4A47D8463EA62FD224 /* CDVPluginExt.m in Sources */ = {isa = PBXBuildFile; fileRef = 200D6F72BBDA44DC972BF577 /* CDVPluginExt.m */; };
		183ED67EC2F64FB4A45F7FC9 /* libCordovaGenericAd.a in Frameworks */ = {isa = PBXBuildFile; fileRef = 9BC4AF2CC1444F078BAD5D84 /* libCordovaGenericAd.a */; };
		CD828540931D45FD8BF29E9A /* CFNetwork.framework in Frameworks */ = {isa = PBXBuildFile; fileRef = DF2888A2353C42529004BC86 /* CFNetwork.framework */; };
		9BFB65B4BFB14C888E90F897 /* CDVAdMobPlugin.m in Sources */ = {isa = PBXBuildFile; fileRef = D636FE18EA8F469CB12275EE /* CDVAdMobPlugin.m */; };
		5E17F40CAFCB4846BDB2A367 /* AdMobMediation.m in Sources */ = {isa = PBXBuildFile; fileRef = ACF080433CF54A2483CF90A2 /* AdMobMediation.m */; };
		01D55F98BBCE4F719A7AB6DD /* CDVNotification.m in Sources */ = {isa = PBXBuildFile; fileRef = 60C7AB150ED2466B80289E36 /* CDVNotification.m */; };
		12AF970A141A451684A9F075 /* CDVNotification.bundle in Resources */ = {isa = PBXBuildFile; fileRef = 03570FE84ABC459C832FCD15 /* CDVNotification.bundle */; };
		9C253F6A0E6F4F94AA8A45E0 /* NativeStorage.m in Sources */ = {isa = PBXBuildFile; fileRef = BC28345AD5DE4A7F9BADD591 /* NativeStorage.m */; };
		336E4AB87D7741869CAE383A /* CDVAppRate.m in Sources */ = {isa = PBXBuildFile; fileRef = F2B590A25061417F802C04D6 /* CDVAppRate.m */; };
		05D83C49D5E24353B8594433 /* CDVDevice.m in Sources */ = {isa = PBXBuildFile; fileRef = AEED4407286E4270B81216AF /* CDVDevice.m */; };
		2710FFADAE8D4B938B9CE80C /* CDVLocation.m in Sources */ = {isa = PBXBuildFile; fileRef = D6046BCF149F44E98717165C /* CDVLocation.m */; };
/* End PBXBuildFile section */

/* Begin PBXContainerItemProxy section */
		301BF534109A57CC0062928A /* PBXContainerItemProxy */ = {
			isa = PBXContainerItemProxy;
			containerPortal = 301BF52D109A57CC0062928A /* CordovaLib/CordovaLib.xcodeproj */;
			proxyType = 2;
			remoteGlobalIDString = D2AAC07E0554694100DB518D;
			remoteInfo = CordovaLib;
		};
		301BF550109A68C00062928A /* PBXContainerItemProxy */ = {
			isa = PBXContainerItemProxy;
			containerPortal = 301BF52D109A57CC0062928A /* CordovaLib/CordovaLib.xcodeproj */;
			proxyType = 1;
			remoteGlobalIDString = D2AAC07D0554694100DB518D;
			remoteInfo = CordovaLib;
		};
		907D8123214C687600058A10 /* PBXContainerItemProxy */ = {
			isa = PBXContainerItemProxy;
			containerPortal = 301BF52D109A57CC0062928A /* CordovaLib/CordovaLib.xcodeproj */;
			proxyType = 2;
			remoteGlobalIDString = C0C01EB21E3911D50056E6CB;
			remoteInfo = Cordova;
		};
/* End PBXContainerItemProxy section */

/* Begin PBXFileReference section */
		0207DA571B56EA530066E2B4 /* Images.xcassets */ = {isa = PBXFileReference; lastKnownFileType = folder.assetcatalog; name = Images.xcassets; path = "Cuando Llega Rosario/Images.xcassets"; sourceTree = SOURCE_ROOT; };
		1D3623240D0F684500981E51 /* AppDelegate.h */ = {isa = PBXFileReference; fileEncoding = 4; lastKnownFileType = sourcecode.c.h; path = AppDelegate.h; sourceTree = "<group>"; };
		1D3623250D0F684500981E51 /* AppDelegate.m */ = {isa = PBXFileReference; fileEncoding = 4; lastKnownFileType = sourcecode.c.objc; path = AppDelegate.m; sourceTree = "<group>"; };
		1D6058910D05DD3D006BFB54 /* Cuando Llega Rosario.app */ = {isa = PBXFileReference; explicitFileType = wrapper.application; includeInIndex = 0; path = "Cuando Llega Rosario.app"; sourceTree = BUILT_PRODUCTS_DIR; };
		29B97316FDCFA39411CA2CEA /* main.m */ = {isa = PBXFileReference; fileEncoding = 4; lastKnownFileType = sourcecode.c.objc; path = main.m; sourceTree = "<group>"; };
		301BF52D109A57CC0062928A /* CordovaLib/CordovaLib.xcodeproj */ = {isa = PBXFileReference; lastKnownFileType = "wrapper.pb-project"; name = CordovaLib.xcodeproj; path = CordovaLib\CordovaLib.xcodeproj; sourceTree = "<group>"; };
		301BF56E109A69640062928A /* www */ = {isa = PBXFileReference; lastKnownFileType = folder; path = www; sourceTree = SOURCE_ROOT; };
		302D95EE14D2391D003F00A1 /* MainViewController.h */ = {isa = PBXFileReference; fileEncoding = 4; lastKnownFileType = sourcecode.c.h; path = MainViewController.h; sourceTree = "<group>"; };
		302D95EF14D2391D003F00A1 /* MainViewController.m */ = {isa = PBXFileReference; fileEncoding = 4; lastKnownFileType = sourcecode.c.objc; path = MainViewController.m; sourceTree = "<group>"; };
		302D95F014D2391D003F00A1 /* MainViewController.xib */ = {isa = PBXFileReference; fileEncoding = 4; lastKnownFileType = file.xib; path = MainViewController.xib; sourceTree = "<group>"; };
		3047A50F1AB8059700498E2A /* build-debug.xcconfig */ = {isa = PBXFileReference; fileEncoding = 4; lastKnownFileType = text.xcconfig; name = "build-debug.xcconfig"; path = "cordova/build-debug.xcconfig"; sourceTree = SOURCE_ROOT; };
		3047A5101AB8059700498E2A /* build-release.xcconfig */ = {isa = PBXFileReference; fileEncoding = 4; lastKnownFileType = text.xcconfig; name = "build-release.xcconfig"; path = "cordova/build-release.xcconfig"; sourceTree = SOURCE_ROOT; };
		3047A5111AB8059700498E2A /* build.xcconfig */ = {isa = PBXFileReference; fileEncoding = 4; lastKnownFileType = text.xcconfig; name = build.xcconfig; path = cordova/build.xcconfig; sourceTree = SOURCE_ROOT; };
		32CA4F630368D1EE00C91783 /* Cuando Llega Rosario-Prefix.pch */ = {isa = PBXFileReference; fileEncoding = 4; lastKnownFileType = sourcecode.c.h; path = "Cuando Llega Rosario-Prefix.pch"; sourceTree = "<group>"; };
		6AFF5BF81D6E424B00AB3073 /* CDVLaunchScreen.storyboard */ = {isa = PBXFileReference; fileEncoding = 4; lastKnownFileType = file.storyboard; name = CDVLaunchScreen.storyboard; path = "Cuando Llega Rosario/CDVLaunchScreen.storyboard"; sourceTree = SOURCE_ROOT; };
		8D1107310486CEB800E47090 /* Cuando Llega Rosario-Info.plist */ = {isa = PBXFileReference; fileEncoding = 4; lastKnownFileType = text.plist.xml; name = "Cuando Llega Rosario-Info.plist"; path = "Cuando Llega Rosario/Cuando Llega Rosario-Info.plist"; plistStructureDefinitionIdentifier = "com.apple.xcode.plist.structure-definition.iphone.info-plist"; sourceTree = SOURCE_ROOT; };
		EB87FDF31871DA8E0020F90C /* www */ = {isa = PBXFileReference; lastKnownFileType = folder; name = www; path = ../../www; sourceTree = "<group>"; };
		EB87FDF41871DAF40020F90C /* config.xml */ = {isa = PBXFileReference; lastKnownFileType = text.xml; name = config.xml; path = ../../config.xml; sourceTree = "<group>"; };
		ED33DF2A687741AEAF9F8254 /* Bridging-Header.h */ = {isa = PBXFileReference; fileEncoding = 4; lastKnownFileType = sourcecode.c.h; path = "Bridging-Header.h"; sourceTree = "<group>"; };
		F840E1F0165FE0F500CFE078 /* config.xml */ = {isa = PBXFileReference; lastKnownFileType = text.xml; name = config.xml; path = "Cuando Llega Rosario/config.xml"; sourceTree = "<group>"; };
		900E7141B28C4A6A90886162 /* GoogleAppMeasurement.framework */ = {isa = PBXFileReference; name = "GoogleAppMeasurement.framework"; path = "Cuando Llega Rosario/Plugins/cordova-admobsdk/GoogleAppMeasurement.framework"; sourceTree = "<group>"; fileEncoding = undefined; lastKnownFileType = wrapper.framework; explicitFileType = undefined; includeInIndex = 0; };
		6D5FE2E71C9149A28E158651 /* GoogleMobileAds.framework */ = {isa = PBXFileReference; name = "GoogleMobileAds.framework"; path = "Cuando Llega Rosario/Plugins/cordova-admobsdk/GoogleMobileAds.framework"; sourceTree = "<group>"; fileEncoding = undefined; lastKnownFileType = wrapper.framework; explicitFileType = undefined; includeInIndex = 0; };
		665E677A616B4FFBB048A488 /* GoogleUtilities.framework */ = {isa = PBXFileReference; name = "GoogleUtilities.framework"; path = "Cuando Llega Rosario/Plugins/cordova-admobsdk/GoogleUtilities.framework"; sourceTree = "<group>"; fileEncoding = undefined; lastKnownFileType = wrapper.framework; explicitFileType = undefined; includeInIndex = 0; };
		1CC5F9C5F7824E3B8579177E /* nanopb.framework */ = {isa = PBXFileReference; name = "nanopb.framework"; path = "Cuando Llega Rosario/Plugins/cordova-admobsdk/nanopb.framework"; sourceTree = "<group>"; fileEncoding = undefined; lastKnownFileType = wrapper.framework; explicitFileType = undefined; includeInIndex = 0; };
		87EE0078D90B4172B268591D /* AdSupport.framework */ = {isa = PBXFileReference; name = "AdSupport.framework"; path = "System/Library/Frameworks/AdSupport.framework"; sourceTree = SDKROOT; fileEncoding = undefined; lastKnownFileType = wrapper.framework; explicitFileType = undefined; includeInIndex = 0; };
		AE4B94C2B5FD422AAFA9F90E /* AudioToolbox.framework */ = {isa = PBXFileReference; name = "AudioToolbox.framework"; path = "System/Library/Frameworks/AudioToolbox.framework"; sourceTree = SDKROOT; fileEncoding = undefined; lastKnownFileType = wrapper.framework; explicitFileType = undefined; includeInIndex = 0; };
		D61C5CEEA9D14574ABB2E0A6 /* AVFoundation.framework */ = {isa = PBXFileReference; name = "AVFoundation.framework"; path = "System/Library/Frameworks/AVFoundation.framework"; sourceTree = SDKROOT; fileEncoding = undefined; lastKnownFileType = wrapper.framework; explicitFileType = undefined; includeInIndex = 0; };
		002AA5250BE84BFCA0EF89C7 /* CoreBluetooth.framework */ = {isa = PBXFileReference; name = "CoreBluetooth.framework"; path = "System/Library/Frameworks/CoreBluetooth.framework"; sourceTree = SDKROOT; fileEncoding = undefined; lastKnownFileType = wrapper.framework; explicitFileType = undefined; includeInIndex = 0; };
		11D6A4369D4146F9AA9DE280 /* CoreLocation.framework */ = {isa = PBXFileReference; name = "CoreLocation.framework"; path = "System/Library/Frameworks/CoreLocation.framework"; sourceTree = SDKROOT; fileEncoding = undefined; lastKnownFileType = wrapper.framework; explicitFileType = undefined; includeInIndex = 0; };
		FE142EF0979746AFAA7DF0A0 /* CoreMedia.framework */ = {isa = PBXFileReference; name = "CoreMedia.framework"; path = "System/Library/Frameworks/CoreMedia.framework"; sourceTree = SDKROOT; fileEncoding = undefined; lastKnownFileType = wrapper.framework; explicitFileType = undefined; includeInIndex = 0; };
		2DEABE88B3F84EC4AD805697 /* CoreMotion.framework */ = {isa = PBXFileReference; name = "CoreMotion.framework"; path = "System/Library/Frameworks/CoreMotion.framework"; sourceTree = SDKROOT; fileEncoding = undefined; lastKnownFileType = wrapper.framework; explicitFileType = undefined; includeInIndex = 0; };
		9DD133123979493FB01FCE57 /* CoreTelephony.framework */ = {isa = PBXFileReference; name = "CoreTelephony.framework"; path = "System/Library/Frameworks/CoreTelephony.framework"; sourceTree = SDKROOT; fileEncoding = undefined; lastKnownFileType = wrapper.framework; explicitFileType = undefined; includeInIndex = 0; };
		D3B87335D58F4A7FBA6C7A6A /* CoreVideo.framework */ = {isa = PBXFileReference; name = "CoreVideo.framework"; path = "System/Library/Frameworks/CoreVideo.framework"; sourceTree = SDKROOT; fileEncoding = undefined; lastKnownFileType = wrapper.framework; explicitFileType = undefined; includeInIndex = 0; };
		5993EF2376BE437DBF754404 /* EventKit.framework */ = {isa = PBXFileReference; name = "EventKit.framework"; path = "System/Library/Frameworks/EventKit.framework"; sourceTree = SDKROOT; fileEncoding = undefined; lastKnownFileType = wrapper.framework; explicitFileType = undefined; includeInIndex = 0; };
		220CCB5A8E3746BBADE5165A /* EventKitUI.framework */ = {isa = PBXFileReference; name = "EventKitUI.framework"; path = "System/Library/Frameworks/EventKitUI.framework"; sourceTree = SDKROOT; fileEncoding = undefined; lastKnownFileType = wrapper.framework; explicitFileType = undefined; includeInIndex = 0; };
		61DC6DD800794060B49CBC13 /* Foundation.framework */ = {isa = PBXFileReference; name = "Foundation.framework"; path = "System/Library/Frameworks/Foundation.framework"; sourceTree = SDKROOT; fileEncoding = undefined; lastKnownFileType = wrapper.framework; explicitFileType = undefined; includeInIndex = 0; };
		E7ACEDDD209045B79AF185DF /* GLKit.framework */ = {isa = PBXFileReference; name = "GLKit.framework"; path = "System/Library/Frameworks/GLKit.framework"; sourceTree = SDKROOT; fileEncoding = undefined; lastKnownFileType = wrapper.framework; explicitFileType = undefined; includeInIndex = 0; };
		6B06DEAE15CB43A1AA92C9DC /* MediaPlayer.framework */ = {isa = PBXFileReference; name = "MediaPlayer.framework"; path = "System/Library/Frameworks/MediaPlayer.framework"; sourceTree = SDKROOT; fileEncoding = undefined; lastKnownFileType = wrapper.framework; explicitFileType = undefined; includeInIndex = 0; };
		978EDBA17D6A4B5DAA669252 /* MessageUI.framework */ = {isa = PBXFileReference; name = "MessageUI.framework"; path = "System/Library/Frameworks/MessageUI.framework"; sourceTree = SDKROOT; fileEncoding = undefined; lastKnownFileType = wrapper.framework; explicitFileType = undefined; includeInIndex = 0; };
		A47BE65F03EE4A07B0836789 /* OpenGLES.framework */ = {isa = PBXFileReference; name = "OpenGLES.framework"; path = "System/Library/Frameworks/OpenGLES.framework"; sourceTree = SDKROOT; fileEncoding = undefined; lastKnownFileType = wrapper.framework; explicitFileType = undefined; includeInIndex = 0; };
		8E27E34148EA4FACA667A612 /* SafariServices.framework */ = {isa = PBXFileReference; name = "SafariServices.framework"; path = "System/Library/Frameworks/SafariServices.framework"; sourceTree = SDKROOT; fileEncoding = undefined; lastKnownFileType = wrapper.framework; explicitFileType = undefined; includeInIndex = 0; };
		A6FFAC546CE540FB86B0B77A /* StoreKit.framework */ = {isa = PBXFileReference; name = "StoreKit.framework"; path = "System/Library/Frameworks/StoreKit.framework"; sourceTree = SDKROOT; fileEncoding = undefined; lastKnownFileType = wrapper.framework; explicitFileType = undefined; includeInIndex = 0; };
		C29892E00DBE4F7595B558A7 /* SystemConfiguration.framework */ = {isa = PBXFileReference; name = "SystemConfiguration.framework"; path = "System/Library/Frameworks/SystemConfiguration.framework"; sourceTree = SDKROOT; fileEncoding = undefined; lastKnownFileType = wrapper.framework; explicitFileType = undefined; includeInIndex = 0; };
		7C04CE02272F4E458B2C7D0A /* UIKit.framework */ = {isa = PBXFileReference; name = "UIKit.framework"; path = "System/Library/Frameworks/UIKit.framework"; sourceTree = SDKROOT; fileEncoding = undefined; lastKnownFileType = wrapper.framework; explicitFileType = undefined; includeInIndex = 0; };
		200D6F72BBDA44DC972BF577 /* CDVPluginExt.m */ = {isa = PBXFileReference; name = "CDVPluginExt.m"; path = "cordova-plugin-extension/CDVPluginExt.m"; sourceTree = "<group>"; fileEncoding = 4; lastKnownFileType = sourcecode.c.objc; explicitFileType = undefined; includeInIndex = 0; };
		9BC4AF2CC1444F078BAD5D84 /* libCordovaGenericAd.a */ = {isa = PBXFileReference; name = "libCordovaGenericAd.a"; path = "Cuando Llega Rosario/Plugins/cordova-plugin-extension/libCordovaGenericAd.a"; sourceTree = "<group>"; fileEncoding = undefined; lastKnownFileType = archive.ar; explicitFileType = undefined; includeInIndex = 0; };
		FE765DA065AB418581213793 /* PluginAdapterDelegate.h */ = {isa = PBXFileReference; name = "PluginAdapterDelegate.h"; path = "cordova-plugin-extension/PluginAdapterDelegate.h"; sourceTree = "<group>"; fileEncoding = 4; lastKnownFileType = sourcecode.c.h; explicitFileType = undefined; includeInIndex = 0; };
		B0D7DF3605F142E5AC8F0944 /* CDVPluginExt.h */ = {isa = PBXFileReference; name = "CDVPluginExt.h"; path = "cordova-plugin-extension/CDVPluginExt.h"; sourceTree = "<group>"; fileEncoding = 4; lastKnownFileType = sourcecode.c.h; explicitFileType = undefined; includeInIndex = 0; };
		4409F887C749467094A5B0D5 /* GenericAdPlugin.h */ = {isa = PBXFileReference; name = "GenericAdPlugin.h"; path = "cordova-plugin-extension/GenericAdPlugin.h"; sourceTree = "<group>"; fileEncoding = 4; lastKnownFileType = sourcecode.c.h; explicitFileType = undefined; includeInIndex = 0; };
		DF2888A2353C42529004BC86 /* CFNetwork.framework */ = {isa = PBXFileReference; name = "CFNetwork.framework"; path = "System/Library/Frameworks/CFNetwork.framework"; sourceTree = SDKROOT; fileEncoding = undefined; lastKnownFileType = wrapper.framework; explicitFileType = undefined; includeInIndex = 0; };
		D636FE18EA8F469CB12275EE /* CDVAdMobPlugin.m */ = {isa = PBXFileReference; name = "CDVAdMobPlugin.m"; path = "cordova-plugin-admobpro/CDVAdMobPlugin.m"; sourceTree = "<group>"; fileEncoding = 4; lastKnownFileType = sourcecode.c.objc; explicitFileType = undefined; includeInIndex = 0; };
		ACF080433CF54A2483CF90A2 /* AdMobMediation.m */ = {isa = PBXFileReference; name = "AdMobMediation.m"; path = "cordova-plugin-admobpro/AdMobMediation.m"; sourceTree = "<group>"; fileEncoding = 4; lastKnownFileType = sourcecode.c.objc; explicitFileType = undefined; includeInIndex = 0; };
		CD4132C213B744D0B2930C57 /* CDVAdMobPlugin.h */ = {isa = PBXFileReference; name = "CDVAdMobPlugin.h"; path = "cordova-plugin-admobpro/CDVAdMobPlugin.h"; sourceTree = "<group>"; fileEncoding = 4; lastKnownFileType = sourcecode.c.h; explicitFileType = undefined; includeInIndex = 0; };
		6721049E4AB046C592B7128E /* AdMobMediation.h */ = {isa = PBXFileReference; name = "AdMobMediation.h"; path = "cordova-plugin-admobpro/AdMobMediation.h"; sourceTree = "<group>"; fileEncoding = 4; lastKnownFileType = sourcecode.c.h; explicitFileType = undefined; includeInIndex = 0; };
		60C7AB150ED2466B80289E36 /* CDVNotification.m */ = {isa = PBXFileReference; name = "CDVNotification.m"; path = "cordova-plugin-dialogs/CDVNotification.m"; sourceTree = "<group>"; fileEncoding = 4; lastKnownFileType = sourcecode.c.objc; explicitFileType = undefined; includeInIndex = 0; };
		730C6E5D50E749F2A5C947DC /* CDVNotification.h */ = {isa = PBXFileReference; name = "CDVNotification.h"; path = "cordova-plugin-dialogs/CDVNotification.h"; sourceTree = "<group>"; fileEncoding = 4; lastKnownFileType = sourcecode.c.h; explicitFileType = undefined; includeInIndex = 0; };
		03570FE84ABC459C832FCD15 /* CDVNotification.bundle */ = {isa = PBXFileReference; name = "CDVNotification.bundle"; path = "CDVNotification.bundle"; sourceTree = "<group>"; fileEncoding = undefined; lastKnownFileType = wrapper.plug-in; explicitFileType = undefined; includeInIndex = 0; };
		BC28345AD5DE4A7F9BADD591 /* NativeStorage.m */ = {isa = PBXFileReference; name = "NativeStorage.m"; path = "cordova-plugin-nativestorage/NativeStorage.m"; sourceTree = "<group>"; fileEncoding = 4; lastKnownFileType = sourcecode.c.objc; explicitFileType = undefined; includeInIndex = 0; };
		93382E9289D8425DBB3C0D15 /* NativeStorage.h */ = {isa = PBXFileReference; name = "NativeStorage.h"; path = "cordova-plugin-nativestorage/NativeStorage.h"; sourceTree = "<group>"; fileEncoding = 4; lastKnownFileType = sourcecode.c.h; explicitFileType = undefined; includeInIndex = 0; };
		F2B590A25061417F802C04D6 /* CDVAppRate.m */ = {isa = PBXFileReference; name = "CDVAppRate.m"; path = "cordova-plugin-apprate/CDVAppRate.m"; sourceTree = "<group>"; fileEncoding = 4; lastKnownFileType = sourcecode.c.objc; explicitFileType = undefined; includeInIndex = 0; };
		61F393C4B0A44EAA8B7B6E1C /* CDVAppRate.h */ = {isa = PBXFileReference; name = "CDVAppRate.h"; path = "cordova-plugin-apprate/CDVAppRate.h"; sourceTree = "<group>"; fileEncoding = 4; lastKnownFileType = sourcecode.c.h; explicitFileType = undefined; includeInIndex = 0; };
		AEED4407286E4270B81216AF /* CDVDevice.m */ = {isa = PBXFileReference; name = "CDVDevice.m"; path = "cordova-plugin-device/CDVDevice.m"; sourceTree = "<group>"; fileEncoding = 4; lastKnownFileType = sourcecode.c.objc; explicitFileType = undefined; includeInIndex = 0; };
		3AA1B0CE13B04E828B7CA975 /* CDVDevice.h */ = {isa = PBXFileReference; name = "CDVDevice.h"; path = "cordova-plugin-device/CDVDevice.h"; sourceTree = "<group>"; fileEncoding = 4; lastKnownFileType = sourcecode.c.h; explicitFileType = undefined; includeInIndex = 0; };
		D6046BCF149F44E98717165C /* CDVLocation.m */ = {isa = PBXFileReference; name = "CDVLocation.m"; path = "cordova-plugin-geolocation/CDVLocation.m"; sourceTree = "<group>"; fileEncoding = 4; lastKnownFileType = sourcecode.c.objc; explicitFileType = undefined; includeInIndex = 0; };
		3AE57418A00346E991A2409A /* CDVLocation.h */ = {isa = PBXFileReference; name = "CDVLocation.h"; path = "cordova-plugin-geolocation/CDVLocation.h"; sourceTree = "<group>"; fileEncoding = 4; lastKnownFileType = sourcecode.c.h; explicitFileType = undefined; includeInIndex = 0; };
/* End PBXFileReference section */

/* Begin PBXFrameworksBuildPhase section */
		1D60588F0D05DD3D006BFB54 /* Frameworks */ = {
			isa = PBXFrameworksBuildPhase;
			buildActionMask = 2147483647;
			files = (
				301BF552109A68D80062928A /* libCordova.a in Frameworks */,
				FBE9E7D1D43F42FDB3FFEDDA /* GoogleAppMeasurement.framework in Frameworks */,
				2123A33694EE4E4BB5C7DC4C /* GoogleMobileAds.framework in Frameworks */,
				AF5252F39C4545E3B2533211 /* GoogleUtilities.framework in Frameworks */,
				5C41AA227CF54E4B82FC65D3 /* nanopb.framework in Frameworks */,
				23D62E8D39654B33B710CDAA /* AdSupport.framework in Frameworks */,
				B1114AC6DAED41CFB561C2C5 /* AudioToolbox.framework in Frameworks */,
				633D94D605514D91B8D861F6 /* AVFoundation.framework in Frameworks */,
				93FD588C22D34D8DBB701CD5 /* CoreBluetooth.framework in Frameworks */,
				F3B0B7737F6646668C7D0573 /* CoreLocation.framework in Frameworks */,
				F15744E80C2443A8A07722A4 /* CoreMedia.framework in Frameworks */,
				45206B0EA1D34290AB85CEC1 /* CoreMotion.framework in Frameworks */,
				0A27FA787D304647B5D27EB2 /* CoreTelephony.framework in Frameworks */,
				6A7B92CBD93C4D3CAA349608 /* CoreVideo.framework in Frameworks */,
				C8BC2481C606481EA80157CD /* EventKit.framework in Frameworks */,
				AF180818699E492E82CCCCC4 /* EventKitUI.framework in Frameworks */,
				FEA751D33A87419697532624 /* Foundation.framework in Frameworks */,
				87241D1C021546AEAE66AF03 /* GLKit.framework in Frameworks */,
				34006228E358411987F1E1FF /* MediaPlayer.framework in Frameworks */,
				F4F9A01D0CA648E0A4D18EFE /* MessageUI.framework in Frameworks */,
				872C782CCC514645981D19A8 /* OpenGLES.framework in Frameworks */,
				C758B9283FD9434BAC8AE242 /* SafariServices.framework in Frameworks */,
				6DA4210DDC0F415897EF7853 /* StoreKit.framework in Frameworks */,
				F7374BB3E9364076AD00F421 /* SystemConfiguration.framework in Frameworks */,
				4825D8D211D24740819CCC62 /* UIKit.framework in Frameworks */,
				183ED67EC2F64FB4A45F7FC9 /* libCordovaGenericAd.a in Frameworks */,
				CD828540931D45FD8BF29E9A /* CFNetwork.framework in Frameworks */,
			);
			runOnlyForDeploymentPostprocessing = 0;
		};
/* End PBXFrameworksBuildPhase section */

/* Begin PBXGroup section */
		080E96DDFE201D6D7F000001 /* Classes */ = {
			isa = PBXGroup;
			children = (
				302D95EE14D2391D003F00A1 /* MainViewController.h */,
				302D95EF14D2391D003F00A1 /* MainViewController.m */,
				302D95F014D2391D003F00A1 /* MainViewController.xib */,
				1D3623240D0F684500981E51 /* AppDelegate.h */,
				1D3623250D0F684500981E51 /* AppDelegate.m */,
			);
			name = Classes;
			path = "Cuando Llega Rosario/Classes";
			sourceTree = SOURCE_ROOT;
		};
		19C28FACFE9D520D11CA2CBB /* Products */ = {
			isa = PBXGroup;
			children = (
				1D6058910D05DD3D006BFB54 /* Cuando Llega Rosario.app */,
			);
			name = Products;
			sourceTree = "<group>";
		};
		29B97314FDCFA39411CA2CEA /* CustomTemplate */ = {
			isa = PBXGroup;
			children = (
				EB87FDF41871DAF40020F90C /* config.xml */,
				EB87FDF31871DA8E0020F90C /* www */,
				EB87FDF11871DA420020F90C /* Staging */,
				301BF52D109A57CC0062928A /* CordovaLib/CordovaLib.xcodeproj */,
				080E96DDFE201D6D7F000001 /* Classes */,
				307C750510C5A3420062BCA9 /* Plugins */,
				29B97315FDCFA39411CA2CEA /* Other Sources */,
				29B97317FDCFA39411CA2CEA /* Resources */,
				29B97323FDCFA39411CA2CEA /* Frameworks */,
				19C28FACFE9D520D11CA2CBB /* Products */,
			);
			name = CustomTemplate;
			sourceTree = "<group>";
		};
		29B97315FDCFA39411CA2CEA /* Other Sources */ = {
			isa = PBXGroup;
			children = (
				32CA4F630368D1EE00C91783 /* Cuando Llega Rosario-Prefix.pch */,
				29B97316FDCFA39411CA2CEA /* main.m */,
				ED33DF2A687741AEAF9F8254 /* Bridging-Header.h */,
			);
			name = "Other Sources";
			path = "Cuando Llega Rosario";
			sourceTree = "<group>";
		};
		29B97317FDCFA39411CA2CEA /* Resources */ = {
			isa = PBXGroup;
			children = (
				0207DA571B56EA530066E2B4 /* Images.xcassets */,
				3047A50E1AB8057F00498E2A /* config */,
				8D1107310486CEB800E47090 /* Cuando Llega Rosario-Info.plist */,
				6AFF5BF81D6E424B00AB3073 /* CDVLaunchScreen.storyboard */,
				03570FE84ABC459C832FCD15 /* CDVNotification.bundle */,
			);
			name = Resources;
			path = "Cuando Llega Rosario/Resources";
			sourceTree = "<group>";
		};
		29B97323FDCFA39411CA2CEA /* Frameworks */ = {
			isa = PBXGroup;
			children = (
				900E7141B28C4A6A90886162 /* GoogleAppMeasurement.framework */,
				6D5FE2E71C9149A28E158651 /* GoogleMobileAds.framework */,
				665E677A616B4FFBB048A488 /* GoogleUtilities.framework */,
				1CC5F9C5F7824E3B8579177E /* nanopb.framework */,
				87EE0078D90B4172B268591D /* AdSupport.framework */,
				AE4B94C2B5FD422AAFA9F90E /* AudioToolbox.framework */,
				D61C5CEEA9D14574ABB2E0A6 /* AVFoundation.framework */,
				002AA5250BE84BFCA0EF89C7 /* CoreBluetooth.framework */,
				11D6A4369D4146F9AA9DE280 /* CoreLocation.framework */,
				FE142EF0979746AFAA7DF0A0 /* CoreMedia.framework */,
				2DEABE88B3F84EC4AD805697 /* CoreMotion.framework */,
				9DD133123979493FB01FCE57 /* CoreTelephony.framework */,
				D3B87335D58F4A7FBA6C7A6A /* CoreVideo.framework */,
				5993EF2376BE437DBF754404 /* EventKit.framework */,
				220CCB5A8E3746BBADE5165A /* EventKitUI.framework */,
				61DC6DD800794060B49CBC13 /* Foundation.framework */,
				E7ACEDDD209045B79AF185DF /* GLKit.framework */,
				6B06DEAE15CB43A1AA92C9DC /* MediaPlayer.framework */,
				978EDBA17D6A4B5DAA669252 /* MessageUI.framework */,
				A47BE65F03EE4A07B0836789 /* OpenGLES.framework */,
				8E27E34148EA4FACA667A612 /* SafariServices.framework */,
				A6FFAC546CE540FB86B0B77A /* StoreKit.framework */,
				C29892E00DBE4F7595B558A7 /* SystemConfiguration.framework */,
				7C04CE02272F4E458B2C7D0A /* UIKit.framework */,
				9BC4AF2CC1444F078BAD5D84 /* libCordovaGenericAd.a */,
				DF2888A2353C42529004BC86 /* CFNetwork.framework */,
			);
			name = Frameworks;
			sourceTree = "<group>";
		};
		301BF52E109A57CC0062928A /* Products */ = {
			isa = PBXGroup;
			children = (
				301BF535109A57CC0062928A /* libCordova.a */,
				907D8124214C687600058A10 /* Cordova.framework */,
			);
			name = Products;
			sourceTree = "<group>";
		};
		3047A50E1AB8057F00498E2A /* config */ = {
			isa = PBXGroup;
			children = (
				3047A50F1AB8059700498E2A /* build-debug.xcconfig */,
				3047A5101AB8059700498E2A /* build-release.xcconfig */,
				3047A5111AB8059700498E2A /* build.xcconfig */,
			);
			name = config;
			sourceTree = "<group>";
		};
		307C750510C5A3420062BCA9 /* Plugins */ = {
			isa = PBXGroup;
			children = (
				200D6F72BBDA44DC972BF577 /* CDVPluginExt.m */,
				FE765DA065AB418581213793 /* PluginAdapterDelegate.h */,
				B0D7DF3605F142E5AC8F0944 /* CDVPluginExt.h */,
				4409F887C749467094A5B0D5 /* GenericAdPlugin.h */,
				D636FE18EA8F469CB12275EE /* CDVAdMobPlugin.m */,
				ACF080433CF54A2483CF90A2 /* AdMobMediation.m */,
				CD4132C213B744D0B2930C57 /* CDVAdMobPlugin.h */,
				6721049E4AB046C592B7128E /* AdMobMediation.h */,
				60C7AB150ED2466B80289E36 /* CDVNotification.m */,
				730C6E5D50E749F2A5C947DC /* CDVNotification.h */,
				BC28345AD5DE4A7F9BADD591 /* NativeStorage.m */,
				93382E9289D8425DBB3C0D15 /* NativeStorage.h */,
				F2B590A25061417F802C04D6 /* CDVAppRate.m */,
				61F393C4B0A44EAA8B7B6E1C /* CDVAppRate.h */,
				AEED4407286E4270B81216AF /* CDVDevice.m */,
				3AA1B0CE13B04E828B7CA975 /* CDVDevice.h */,
				D6046BCF149F44E98717165C /* CDVLocation.m */,
				3AE57418A00346E991A2409A /* CDVLocation.h */,
			);
			name = Plugins;
			path = "Cuando Llega Rosario/Plugins";
			sourceTree = SOURCE_ROOT;
		};
		EB87FDF11871DA420020F90C /* Staging */ = {
			isa = PBXGroup;
			children = (
				F840E1F0165FE0F500CFE078 /* config.xml */,
				301BF56E109A69640062928A /* www */,
			);
			name = Staging;
			sourceTree = "<group>";
		};
/* End PBXGroup section */

/* Begin PBXNativeTarget section */
		1D6058900D05DD3D006BFB54 /* Cuando Llega Rosario */ = {
			isa = PBXNativeTarget;
			buildConfigurationList = 1D6058960D05DD3E006BFB54 /* Build configuration list for PBXNativeTarget "Cuando Llega Rosario" */;
			buildPhases = (
				304B58A110DAC018002A0835 /* Copy www directory */,
				1D60588D0D05DD3D006BFB54 /* Resources */,
				1D60588E0D05DD3D006BFB54 /* Sources */,
				1D60588F0D05DD3D006BFB54 /* Frameworks */,
			);
			buildRules = (
			);
			dependencies = (
				301BF551109A68C00062928A /* PBXTargetDependency */,
			);
			name = "Cuando Llega Rosario";
			productName = "Cuando Llega Rosario";
			productReference = 1D6058910D05DD3D006BFB54 /* Cuando Llega Rosario.app */;
			productType = "com.apple.product-type.application";
		};
/* End PBXNativeTarget section */

/* Begin PBXProject section */
		29B97313FDCFA39411CA2CEA /* Project object */ = {
			isa = PBXProject;
			attributes = {
				LastUpgradeCheck = 1130;
				TargetAttributes = {
					1D6058900D05DD3D006BFB54 = {
						ProvisioningStyle = Automatic;
					};
				};
			};
			buildConfigurationList = C01FCF4E08A954540054247B /* Build configuration list for PBXProject "Cuando Llega Rosario" */;
			compatibilityVersion = "Xcode 11.0";
			developmentRegion = en;
			hasScannedForEncodings = 1;
			knownRegions = (
				en,
				Base,
			);
			mainGroup = 29B97314FDCFA39411CA2CEA /* CustomTemplate */;
			projectDirPath = "";
			projectReferences = (
				{
					ProductGroup = 301BF52E109A57CC0062928A /* Products */;
					ProjectRef = 301BF52D109A57CC0062928A /* CordovaLib/CordovaLib.xcodeproj */;
				},
			);
			projectRoot = "";
			targets = (
				1D6058900D05DD3D006BFB54 /* Cuando Llega Rosario */,
			);
		};
/* End PBXProject section */

/* Begin PBXReferenceProxy section */
		301BF535109A57CC0062928A /* libCordova.a */ = {
			isa = PBXReferenceProxy;
			fileType = archive.ar;
			path = libCordova.a;
			remoteRef = 301BF534109A57CC0062928A /* PBXContainerItemProxy */;
			sourceTree = BUILT_PRODUCTS_DIR;
		};
		907D8124214C687600058A10 /* Cordova.framework */ = {
			isa = PBXReferenceProxy;
			fileType = wrapper.framework;
			path = Cordova.framework;
			remoteRef = 907D8123214C687600058A10 /* PBXContainerItemProxy */;
			sourceTree = BUILT_PRODUCTS_DIR;
		};
/* End PBXReferenceProxy section */

/* Begin PBXResourcesBuildPhase section */
		1D60588D0D05DD3D006BFB54 /* Resources */ = {
			isa = PBXResourcesBuildPhase;
			buildActionMask = 2147483647;
			files = (
				302D95F214D2391D003F00A1 /* MainViewController.xib in Resources */,
				0207DA581B56EA530066E2B4 /* Images.xcassets in Resources */,
				6AFF5BF91D6E424B00AB3073 /* CDVLaunchScreen.storyboard in Resources */,
				12AF970A141A451684A9F075 /* CDVNotification.bundle in Resources */,
			);
			runOnlyForDeploymentPostprocessing = 0;
		};
/* End PBXResourcesBuildPhase section */

/* Begin PBXShellScriptBuildPhase section */
		304B58A110DAC018002A0835 /* Copy www directory */ = {
			isa = PBXShellScriptBuildPhase;
			buildActionMask = 2147483647;
			files = (
			);
			inputPaths = (
			);
			name = "Copy www directory";
			outputPaths = (
			);
			runOnlyForDeploymentPostprocessing = 0;
			shellPath = /bin/sh;
			shellScript = "\"$SRCROOT/Cuando Llega Rosario/Scripts/copy-www-build-step.sh\"";
			showEnvVarsInLog = 0;
		};
/* End PBXShellScriptBuildPhase section */

/* Begin PBXSourcesBuildPhase section */
		1D60588E0D05DD3D006BFB54 /* Sources */ = {
			isa = PBXSourcesBuildPhase;
			buildActionMask = 2147483647;
			files = (
				1D60589B0D05DD56006BFB54 /* main.m in Sources */,
				1D3623260D0F684500981E51 /* AppDelegate.m in Sources */,
				302D95F114D2391D003F00A1 /* MainViewController.m in Sources */,
				2B5A5E4A47D8463EA62FD224 /* CDVPluginExt.m in Sources */,
				9BFB65B4BFB14C888E90F897 /* CDVAdMobPlugin.m in Sources */,
				5E17F40CAFCB4846BDB2A367 /* AdMobMediation.m in Sources */,
				01D55F98BBCE4F719A7AB6DD /* CDVNotification.m in Sources */,
				9C253F6A0E6F4F94AA8A45E0 /* NativeStorage.m in Sources */,
				336E4AB87D7741869CAE383A /* CDVAppRate.m in Sources */,
				05D83C49D5E24353B8594433 /* CDVDevice.m in Sources */,
				2710FFADAE8D4B938B9CE80C /* CDVLocation.m in Sources */,
			);
			runOnlyForDeploymentPostprocessing = 0;
		};
/* End PBXSourcesBuildPhase section */

/* Begin PBXTargetDependency section */
		301BF551109A68C00062928A /* PBXTargetDependency */ = {
			isa = PBXTargetDependency;
			name = CordovaLib;
			targetProxy = 301BF550109A68C00062928A /* PBXContainerItemProxy */;
		};
/* End PBXTargetDependency section */

/* Begin XCBuildConfiguration section */
		1D6058940D05DD3E006BFB54 /* Debug */ = {
			isa = XCBuildConfiguration;
			baseConfigurationReference = 3047A50F1AB8059700498E2A /* build-debug.xcconfig */;
			buildSettings = {
				ALWAYS_SEARCH_USER_PATHS = NO;
				ASSETCATALOG_COMPILER_APPICON_NAME = AppIcon;
				CLANG_ENABLE_MODULES = YES;
				CLANG_ENABLE_OBJC_ARC = YES;
				COPY_PHASE_STRIP = NO;
				GCC_DYNAMIC_NO_PIC = NO;
				GCC_OPTIMIZATION_LEVEL = 0;
				GCC_PRECOMPILE_PREFIX_HEADER = YES;
				GCC_PREFIX_HEADER = "Cuando Llega Rosario/Cuando Llega Rosario-Prefix.pch";
				GCC_THUMB_SUPPORT = NO;
				GCC_VERSION = "";
				INFOPLIST_FILE = "Cuando Llega Rosario/Cuando Llega Rosario-Info.plist";
				IPHONEOS_DEPLOYMENT_TARGET = 11.0;
				LD_RUNPATH_SEARCH_PATHS = "@executable_path/Frameworks";
				PRODUCT_BUNDLE_IDENTIFIER = com.buenosaires.withads;
				PRODUCT_NAME = "$(TARGET_NAME)";
				TARGETED_DEVICE_FAMILY = "1,2";
				VALIDATE_WORKSPACE = NO;
				FRAMEWORK_SEARCH_PATHS = (
					"$(inherited)",
					"\"Cuando Llega Rosario/Plugins/cordova-admobsdk\"",
					"\"Cuando Llega Rosario/Plugins/cordova-admobsdk\"",
					"\"Cuando Llega Rosario/Plugins/cordova-admobsdk\"",
					"\"Cuando Llega Rosario/Plugins/cordova-admobsdk\"",
				);
				LIBRARY_SEARCH_PATHS = (
					"$(inherited)",
					"\"$(SRCROOT)/$(TARGET_NAME)/Plugins/cordova-plugin-extension\"",
				);
			};
			name = Debug;
		};
		1D6058950D05DD3E006BFB54 /* Release */ = {
			isa = XCBuildConfiguration;
			baseConfigurationReference = 3047A5101AB8059700498E2A /* build-release.xcconfig */;
			buildSettings = {
				ALWAYS_SEARCH_USER_PATHS = NO;
				ASSETCATALOG_COMPILER_APPICON_NAME = AppIcon;
				CLANG_ENABLE_MODULES = YES;
				CLANG_ENABLE_OBJC_ARC = YES;
				COPY_PHASE_STRIP = YES;
				GCC_PRECOMPILE_PREFIX_HEADER = YES;
				GCC_PREFIX_HEADER = "Cuando Llega Rosario/Cuando Llega Rosario-Prefix.pch";
				GCC_THUMB_SUPPORT = NO;
				GCC_VERSION = "";
				INFOPLIST_FILE = "Cuando Llega Rosario/Cuando Llega Rosario-Info.plist";
				IPHONEOS_DEPLOYMENT_TARGET = 11.0;
				LD_RUNPATH_SEARCH_PATHS = "@executable_path/Frameworks";
				PRODUCT_BUNDLE_IDENTIFIER = com.buenosaires.withads;
				PRODUCT_NAME = "$(TARGET_NAME)";
				TARGETED_DEVICE_FAMILY = "1,2";
				VALIDATE_WORKSPACE = NO;
				FRAMEWORK_SEARCH_PATHS = (
					"$(inherited)",
					"\"Cuando Llega Rosario/Plugins/cordova-admobsdk\"",
					"\"Cuando Llega Rosario/Plugins/cordova-admobsdk\"",
					"\"Cuando Llega Rosario/Plugins/cordova-admobsdk\"",
					"\"Cuando Llega Rosario/Plugins/cordova-admobsdk\"",
				);
				LIBRARY_SEARCH_PATHS = (
					"$(inherited)",
					"\"$(SRCROOT)/$(TARGET_NAME)/Plugins/cordova-plugin-extension\"",
				);
			};
			name = Release;
		};
		C01FCF4F08A954540054247B /* Debug */ = {
			isa = XCBuildConfiguration;
			baseConfigurationReference = 3047A5111AB8059700498E2A /* build.xcconfig */;
			buildSettings = {
				CLANG_ANALYZER_LOCALIZABILITY_NONLOCALIZED = YES;
				CLANG_ENABLE_MODULES = YES;
				CLANG_ENABLE_OBJC_ARC = YES;
				CLANG_WARN_BLOCK_CAPTURE_AUTORELEASING = YES;
				CLANG_WARN_BOOL_CONVERSION = YES;
				CLANG_WARN_COMMA = YES;
				CLANG_WARN_CONSTANT_CONVERSION = YES;
				CLANG_WARN_DEPRECATED_OBJC_IMPLEMENTATIONS = YES;
				CLANG_WARN_EMPTY_BODY = YES;
				CLANG_WARN_ENUM_CONVERSION = YES;
				CLANG_WARN_INFINITE_RECURSION = YES;
				CLANG_WARN_INT_CONVERSION = YES;
				CLANG_WARN_NON_LITERAL_NULL_CONVERSION = YES;
				CLANG_WARN_OBJC_IMPLICIT_RETAIN_SELF = YES;
				CLANG_WARN_OBJC_LITERAL_CONVERSION = YES;
				CLANG_WARN_RANGE_LOOP_ANALYSIS = YES;
				CLANG_WARN_STRICT_PROTOTYPES = YES;
				CLANG_WARN_SUSPICIOUS_MOVE = YES;
				CLANG_WARN_UNREACHABLE_CODE = YES;
				CLANG_WARN__DUPLICATE_METHOD_MATCH = YES;
				ENABLE_STRICT_OBJC_MSGSEND = YES;
				ENABLE_TESTABILITY = YES;
				GCC_C_LANGUAGE_STANDARD = c99;
				GCC_NO_COMMON_BLOCKS = YES;
				GCC_THUMB_SUPPORT = NO;
				GCC_VERSION = "";
				GCC_WARN_64_TO_32_BIT_CONVERSION = YES;
				GCC_WARN_ABOUT_RETURN_TYPE = YES;
				GCC_WARN_UNDECLARED_SELECTOR = YES;
				GCC_WARN_UNINITIALIZED_AUTOS = YES;
				GCC_WARN_UNUSED_FUNCTION = YES;
				GCC_WARN_UNUSED_VARIABLE = YES;
				ONLY_ACTIVE_ARCH = YES;
				SDKROOT = iphoneos;
				SKIP_INSTALL = NO;
				WK_WEB_VIEW_ONLY = 1;
				TARGETED_DEVICE_FAMILY = "1,2";
			};
			name = Debug;
		};
		C01FCF5008A954540054247B /* Release */ = {
			isa = XCBuildConfiguration;
			baseConfigurationReference = 3047A5111AB8059700498E2A /* build.xcconfig */;
			buildSettings = {
				CLANG_ANALYZER_LOCALIZABILITY_NONLOCALIZED = YES;
				CLANG_ENABLE_MODULES = YES;
				CLANG_ENABLE_OBJC_ARC = YES;
				CLANG_WARN_BLOCK_CAPTURE_AUTORELEASING = YES;
				CLANG_WARN_BOOL_CONVERSION = YES;
				CLANG_WARN_COMMA = YES;
				CLANG_WARN_CONSTANT_CONVERSION = YES;
				CLANG_WARN_DEPRECATED_OBJC_IMPLEMENTATIONS = YES;
				CLANG_WARN_EMPTY_BODY = YES;
				CLANG_WARN_ENUM_CONVERSION = YES;
				CLANG_WARN_INFINITE_RECURSION = YES;
				CLANG_WARN_INT_CONVERSION = YES;
				CLANG_WARN_NON_LITERAL_NULL_CONVERSION = YES;
				CLANG_WARN_OBJC_IMPLICIT_RETAIN_SELF = YES;
				CLANG_WARN_OBJC_LITERAL_CONVERSION = YES;
				CLANG_WARN_RANGE_LOOP_ANALYSIS = YES;
				CLANG_WARN_STRICT_PROTOTYPES = YES;
				CLANG_WARN_SUSPICIOUS_MOVE = YES;
				CLANG_WARN_UNREACHABLE_CODE = YES;
				CLANG_WARN__DUPLICATE_METHOD_MATCH = YES;
				ENABLE_STRICT_OBJC_MSGSEND = YES;
				GCC_C_LANGUAGE_STANDARD = c99;
				GCC_NO_COMMON_BLOCKS = YES;
				GCC_THUMB_SUPPORT = NO;
				GCC_VERSION = "";
				GCC_WARN_64_TO_32_BIT_CONVERSION = YES;
				GCC_WARN_ABOUT_RETURN_TYPE = YES;
				GCC_WARN_UNDECLARED_SELECTOR = YES;
				GCC_WARN_UNINITIALIZED_AUTOS = YES;
				GCC_WARN_UNUSED_FUNCTION = YES;
				GCC_WARN_UNUSED_VARIABLE = YES;
				SDKROOT = iphoneos;
				SKIP_INSTALL = NO;
				WK_WEB_VIEW_ONLY = 1;
				TARGETED_DEVICE_FAMILY = "1,2";
			};
			name = Release;
		};
/* End XCBuildConfiguration section */

/* Begin XCConfigurationList section */
		1D6058960D05DD3E006BFB54 /* Build configuration list for PBXNativeTarget "Cuando Llega Rosario" */ = {
			isa = XCConfigurationList;
			buildConfigurations = (
				1D6058940D05DD3E006BFB54 /* Debug */,
				1D6058950D05DD3E006BFB54 /* Release */,
			);
			defaultConfigurationIsVisible = 0;
			defaultConfigurationName = Release;
		};
		C01FCF4E08A954540054247B /* Build configuration list for PBXProject "Cuando Llega Rosario" */ = {
			isa = XCConfigurationList;
			buildConfigurations = (
				C01FCF4F08A954540054247B /* Debug */,
				C01FCF5008A954540054247B /* Release */,
			);
			defaultConfigurationIsVisible = 0;
			defaultConfigurationName = Release;
		};
/* End XCConfigurationList section */
	};
	rootObject = 29B97313FDCFA39411CA2CEA /* Project object */;
}
